// !$*UTF8*$!
{
	archiveVersion = 1;
	classes = {
	};
	objectVersion = 46;
	objects = {

/* Begin PBXBuildFile section */
		5F26E0C41592CD93001A3014 /* SetupViewController.m in Sources */ = {isa = PBXBuildFile; fileRef = 5F26E0C31592CD93001A3014 /* SetupViewController.m */; };
		5F2F315F158AEF6600689F4D /* UIKit.framework in Frameworks */ = {isa = PBXBuildFile; fileRef = 5F2F315E158AEF6600689F4D /* UIKit.framework */; };
		5F2F3161158AEF6600689F4D /* Foundation.framework in Frameworks */ = {isa = PBXBuildFile; fileRef = 5F2F3160158AEF6600689F4D /* Foundation.framework */; };
		5F2F3163158AEF6600689F4D /* CoreGraphics.framework in Frameworks */ = {isa = PBXBuildFile; fileRef = 5F2F3162158AEF6600689F4D /* CoreGraphics.framework */; };
		5F2F3169158AEF6600689F4D /* InfoPlist.strings in Resources */ = {isa = PBXBuildFile; fileRef = 5F2F3167158AEF6600689F4D /* InfoPlist.strings */; };
		5F2F316B158AEF6700689F4D /* main.m in Sources */ = {isa = PBXBuildFile; fileRef = 5F2F316A158AEF6600689F4D /* main.m */; };
		5F2F316F158AEF6700689F4D /* AppDelegate.m in Sources */ = {isa = PBXBuildFile; fileRef = 5F2F316E158AEF6700689F4D /* AppDelegate.m */; };
		5F2F3172158AEF6700689F4D /* MainStoryboard.storyboard in Resources */ = {isa = PBXBuildFile; fileRef = 5F2F3170158AEF6700689F4D /* MainStoryboard.storyboard */; };
		5F2F3175158AEF6700689F4D /* PlayViewController.m in Sources */ = {isa = PBXBuildFile; fileRef = 5F2F3174158AEF6700689F4D /* PlayViewController.m */; };
		5F3BBE2C165238AE00124919 /* Default-568h@2x.png in Resources */ = {isa = PBXBuildFile; fileRef = 5F3BBE2B165238AE00124919 /* Default-568h@2x.png */; };
		5FBC6BD91666830600EF1023 /* FClef.png in Resources */ = {isa = PBXBuildFile; fileRef = 5FBC6BCD1666830600EF1023 /* FClef.png */; };
		5FBC6BDA1666830600EF1023 /* FClef.svg in Resources */ = {isa = PBXBuildFile; fileRef = 5FBC6BCE1666830600EF1023 /* FClef.svg */; };
		5FBC6BDB1666830600EF1023 /* GClef.png in Resources */ = {isa = PBXBuildFile; fileRef = 5FBC6BCF1666830600EF1023 /* GClef.png */; };
		5FBC6BDC1666830600EF1023 /* GClef.svg in Resources */ = {isa = PBXBuildFile; fileRef = 5FBC6BD01666830600EF1023 /* GClef.svg */; };
		5FC0D8CE158E36F0007A8263 /* Lesson.m in Sources */ = {isa = PBXBuildFile; fileRef = 5FC0D8CD158E36F0007A8263 /* Lesson.m */; };
		5FC0D8D6158EC520007A8263 /* Note.m in Sources */ = {isa = PBXBuildFile; fileRef = 5FC0D8D5158EC520007A8263 /* Note.m */; };
		5FC92E5116668517004D0579 /* KeyBlack-Default.png in Resources */ = {isa = PBXBuildFile; fileRef = 5FC92E4916668517004D0579 /* KeyBlack-Default.png */; };
		5FC92E5216668517004D0579 /* KeyBlack-Default@2x.png in Resources */ = {isa = PBXBuildFile; fileRef = 5FC92E4A16668517004D0579 /* KeyBlack-Default@2x.png */; };
		5FC92E5316668517004D0579 /* KeyBlack-Selected.png in Resources */ = {isa = PBXBuildFile; fileRef = 5FC92E4B16668517004D0579 /* KeyBlack-Selected.png */; };
		5FC92E5416668517004D0579 /* KeyBlack-Selected@2x.png in Resources */ = {isa = PBXBuildFile; fileRef = 5FC92E4C16668517004D0579 /* KeyBlack-Selected@2x.png */; };
		5FC92E5516668517004D0579 /* KeyWhite-Default.png in Resources */ = {isa = PBXBuildFile; fileRef = 5FC92E4D16668517004D0579 /* KeyWhite-Default.png */; };
		5FC92E5616668517004D0579 /* KeyWhite-Default@2x.png in Resources */ = {isa = PBXBuildFile; fileRef = 5FC92E4E16668517004D0579 /* KeyWhite-Default@2x.png */; };
		5FC92E5716668517004D0579 /* KeyWhite-Selected.png in Resources */ = {isa = PBXBuildFile; fileRef = 5FC92E4F16668517004D0579 /* KeyWhite-Selected.png */; };
		5FC92E5816668517004D0579 /* KeyWhite-Selected@2x.png in Resources */ = {isa = PBXBuildFile; fileRef = 5FC92E5016668517004D0579 /* KeyWhite-Selected@2x.png */; };
		5FC92E5B16668803004D0579 /* KeyBlack-Highlighted.png in Resources */ = {isa = PBXBuildFile; fileRef = 5FC92E5916668803004D0579 /* KeyBlack-Highlighted.png */; };
		5FC92E5C16668803004D0579 /* KeyBlack-Highlighted@2x.png in Resources */ = {isa = PBXBuildFile; fileRef = 5FC92E5A16668803004D0579 /* KeyBlack-Highlighted@2x.png */; };
		5FC92E5F16668C6B004D0579 /* KeyWhite-Highlighted.png in Resources */ = {isa = PBXBuildFile; fileRef = 5FC92E5D16668C6B004D0579 /* KeyWhite-Highlighted.png */; };
		5FC92E6016668C6B004D0579 /* KeyWhite-Highlighted@2x.png in Resources */ = {isa = PBXBuildFile; fileRef = 5FC92E5E16668C6B004D0579 /* KeyWhite-Highlighted@2x.png */; };
		5FC92E671667D516004D0579 /* NotePlayer.m in Sources */ = {isa = PBXBuildFile; fileRef = 5FC92E661667D516004D0579 /* NotePlayer.m */; };
		5FC92E6A1667D6B2004D0579 /* AudioToolbox.framework in Frameworks */ = {isa = PBXBuildFile; fileRef = 5FC92E681667D6B2004D0579 /* AudioToolbox.framework */; };
		5FC92E6B1667D6B2004D0579 /* CoreAudio.framework in Frameworks */ = {isa = PBXBuildFile; fileRef = 5FC92E691667D6B2004D0579 /* CoreAudio.framework */; };
		5FC92E6D1667D6E3004D0579 /* AVFoundation.framework in Frameworks */ = {isa = PBXBuildFile; fileRef = 5FC92E6C1667D6E3004D0579 /* AVFoundation.framework */; };
		5FDD65DE1679A1DA000640C1 /* BaseLayer.m in Sources */ = {isa = PBXBuildFile; fileRef = 5FDD65DD1679A1DA000640C1 /* BaseLayer.m */; };
		5FF087C51661D55A00A3B0EE /* QuartzCore.framework in Frameworks */ = {isa = PBXBuildFile; fileRef = 5FF087C41661D55A00A3B0EE /* QuartzCore.framework */; };
		5FF17F9F1677124000E35409 /* StaffLayer.m in Sources */ = {isa = PBXBuildFile; fileRef = 5FF17F9E1677124000E35409 /* StaffLayer.m */; };
		5FF17FA21677240800E35409 /* NoteLayer.m in Sources */ = {isa = PBXBuildFile; fileRef = 5FF17FA11677240800E35409 /* NoteLayer.m */; };
/* End PBXBuildFile section */

/* Begin PBXFileReference section */
		5F26E0C21592CD93001A3014 /* SetupViewController.h */ = {isa = PBXFileReference; fileEncoding = 4; lastKnownFileType = sourcecode.c.h; path = SetupViewController.h; sourceTree = "<group>"; };
		5F26E0C31592CD93001A3014 /* SetupViewController.m */ = {isa = PBXFileReference; fileEncoding = 4; lastKnownFileType = sourcecode.c.objc; path = SetupViewController.m; sourceTree = "<group>"; };
		5F2F315A158AEF6600689F4D /* scales.app */ = {isa = PBXFileReference; explicitFileType = wrapper.application; includeInIndex = 0; path = scales.app; sourceTree = BUILT_PRODUCTS_DIR; };
		5F2F315E158AEF6600689F4D /* UIKit.framework */ = {isa = PBXFileReference; lastKnownFileType = wrapper.framework; name = UIKit.framework; path = System/Library/Frameworks/UIKit.framework; sourceTree = SDKROOT; };
		5F2F3160158AEF6600689F4D /* Foundation.framework */ = {isa = PBXFileReference; lastKnownFileType = wrapper.framework; name = Foundation.framework; path = System/Library/Frameworks/Foundation.framework; sourceTree = SDKROOT; };
		5F2F3162158AEF6600689F4D /* CoreGraphics.framework */ = {isa = PBXFileReference; lastKnownFileType = wrapper.framework; name = CoreGraphics.framework; path = System/Library/Frameworks/CoreGraphics.framework; sourceTree = SDKROOT; };
		5F2F3166158AEF6600689F4D /* scales-Info.plist */ = {isa = PBXFileReference; lastKnownFileType = text.plist.xml; path = "scales-Info.plist"; sourceTree = "<group>"; };
		5F2F3168158AEF6600689F4D /* en */ = {isa = PBXFileReference; lastKnownFileType = text.plist.strings; name = en; path = en.lproj/InfoPlist.strings; sourceTree = "<group>"; };
		5F2F316A158AEF6600689F4D /* main.m */ = {isa = PBXFileReference; lastKnownFileType = sourcecode.c.objc; path = main.m; sourceTree = "<group>"; };
		5F2F316C158AEF6700689F4D /* scales-Prefix.pch */ = {isa = PBXFileReference; lastKnownFileType = sourcecode.c.h; path = "scales-Prefix.pch"; sourceTree = "<group>"; };
		5F2F316D158AEF6700689F4D /* AppDelegate.h */ = {isa = PBXFileReference; lastKnownFileType = sourcecode.c.h; path = AppDelegate.h; sourceTree = "<group>"; };
		5F2F316E158AEF6700689F4D /* AppDelegate.m */ = {isa = PBXFileReference; lastKnownFileType = sourcecode.c.objc; path = AppDelegate.m; sourceTree = "<group>"; };
		5F2F3171158AEF6700689F4D /* en */ = {isa = PBXFileReference; lastKnownFileType = file.storyboard; name = en; path = en.lproj/MainStoryboard.storyboard; sourceTree = "<group>"; };
		5F2F3173158AEF6700689F4D /* PlayViewController.h */ = {isa = PBXFileReference; lastKnownFileType = sourcecode.c.h; path = PlayViewController.h; sourceTree = "<group>"; };
		5F2F3174158AEF6700689F4D /* PlayViewController.m */ = {isa = PBXFileReference; lastKnownFileType = sourcecode.c.objc; path = PlayViewController.m; sourceTree = "<group>"; };
		5F3BBE2B165238AE00124919 /* Default-568h@2x.png */ = {isa = PBXFileReference; lastKnownFileType = image.png; name = "Default-568h@2x.png"; path = "../../Default-568h@2x.png"; sourceTree = "<group>"; };
		5FBC6BCD1666830600EF1023 /* FClef.png */ = {isa = PBXFileReference; lastKnownFileType = image.png; path = FClef.png; sourceTree = "<group>"; };
		5FBC6BCE1666830600EF1023 /* FClef.svg */ = {isa = PBXFileReference; fileEncoding = 4; lastKnownFileType = text.xml; path = FClef.svg; sourceTree = "<group>"; };
		5FBC6BCF1666830600EF1023 /* GClef.png */ = {isa = PBXFileReference; lastKnownFileType = image.png; path = GClef.png; sourceTree = "<group>"; };
		5FBC6BD01666830600EF1023 /* GClef.svg */ = {isa = PBXFileReference; fileEncoding = 4; lastKnownFileType = text.xml; path = GClef.svg; sourceTree = "<group>"; };
		5FC0D8CC158E36F0007A8263 /* Lesson.h */ = {isa = PBXFileReference; fileEncoding = 4; lastKnownFileType = sourcecode.c.h; path = Lesson.h; sourceTree = "<group>"; };
		5FC0D8CD158E36F0007A8263 /* Lesson.m */ = {isa = PBXFileReference; fileEncoding = 4; lastKnownFileType = sourcecode.c.objc; path = Lesson.m; sourceTree = "<group>"; };
		5FC0D8D4158EC520007A8263 /* Note.h */ = {isa = PBXFileReference; fileEncoding = 4; lastKnownFileType = sourcecode.c.h; path = Note.h; sourceTree = "<group>"; };
		5FC0D8D5158EC520007A8263 /* Note.m */ = {isa = PBXFileReference; fileEncoding = 4; lastKnownFileType = sourcecode.c.objc; path = Note.m; sourceTree = "<group>"; };
		5FC92E4916668517004D0579 /* KeyBlack-Default.png */ = {isa = PBXFileReference; lastKnownFileType = image.png; path = "KeyBlack-Default.png"; sourceTree = "<group>"; };
		5FC92E4A16668517004D0579 /* KeyBlack-Default@2x.png */ = {isa = PBXFileReference; lastKnownFileType = image.png; path = "KeyBlack-Default@2x.png"; sourceTree = "<group>"; };
		5FC92E4B16668517004D0579 /* KeyBlack-Selected.png */ = {isa = PBXFileReference; lastKnownFileType = image.png; path = "KeyBlack-Selected.png"; sourceTree = "<group>"; };
		5FC92E4C16668517004D0579 /* KeyBlack-Selected@2x.png */ = {isa = PBXFileReference; lastKnownFileType = image.png; path = "KeyBlack-Selected@2x.png"; sourceTree = "<group>"; };
		5FC92E4D16668517004D0579 /* KeyWhite-Default.png */ = {isa = PBXFileReference; lastKnownFileType = image.png; path = "KeyWhite-Default.png"; sourceTree = "<group>"; };
		5FC92E4E16668517004D0579 /* KeyWhite-Default@2x.png */ = {isa = PBXFileReference; lastKnownFileType = image.png; path = "KeyWhite-Default@2x.png"; sourceTree = "<group>"; };
		5FC92E4F16668517004D0579 /* KeyWhite-Selected.png */ = {isa = PBXFileReference; lastKnownFileType = image.png; path = "KeyWhite-Selected.png"; sourceTree = "<group>"; };
		5FC92E5016668517004D0579 /* KeyWhite-Selected@2x.png */ = {isa = PBXFileReference; lastKnownFileType = image.png; path = "KeyWhite-Selected@2x.png"; sourceTree = "<group>"; };
		5FC92E5916668803004D0579 /* KeyBlack-Highlighted.png */ = {isa = PBXFileReference; lastKnownFileType = image.png; path = "KeyBlack-Highlighted.png"; sourceTree = "<group>"; };
		5FC92E5A16668803004D0579 /* KeyBlack-Highlighted@2x.png */ = {isa = PBXFileReference; lastKnownFileType = image.png; path = "KeyBlack-Highlighted@2x.png"; sourceTree = "<group>"; };
		5FC92E5D16668C6B004D0579 /* KeyWhite-Highlighted.png */ = {isa = PBXFileReference; lastKnownFileType = image.png; path = "KeyWhite-Highlighted.png"; sourceTree = "<group>"; };
		5FC92E5E16668C6B004D0579 /* KeyWhite-Highlighted@2x.png */ = {isa = PBXFileReference; lastKnownFileType = image.png; path = "KeyWhite-Highlighted@2x.png"; sourceTree = "<group>"; };
		5FC92E651667D516004D0579 /* NotePlayer.h */ = {isa = PBXFileReference; fileEncoding = 4; lastKnownFileType = sourcecode.c.h; path = NotePlayer.h; sourceTree = "<group>"; };
		5FC92E661667D516004D0579 /* NotePlayer.m */ = {isa = PBXFileReference; fileEncoding = 4; lastKnownFileType = sourcecode.c.objc; path = NotePlayer.m; sourceTree = "<group>"; };
		5FC92E681667D6B2004D0579 /* AudioToolbox.framework */ = {isa = PBXFileReference; lastKnownFileType = wrapper.framework; name = AudioToolbox.framework; path = System/Library/Frameworks/AudioToolbox.framework; sourceTree = SDKROOT; };
		5FC92E691667D6B2004D0579 /* CoreAudio.framework */ = {isa = PBXFileReference; lastKnownFileType = wrapper.framework; name = CoreAudio.framework; path = System/Library/Frameworks/CoreAudio.framework; sourceTree = SDKROOT; };
		5FC92E6C1667D6E3004D0579 /* AVFoundation.framework */ = {isa = PBXFileReference; lastKnownFileType = wrapper.framework; name = AVFoundation.framework; path = System/Library/Frameworks/AVFoundation.framework; sourceTree = SDKROOT; };
		5FDD65DC1679A1DA000640C1 /* BaseLayer.h */ = {isa = PBXFileReference; fileEncoding = 4; lastKnownFileType = sourcecode.c.h; path = BaseLayer.h; sourceTree = "<group>"; };
		5FDD65DD1679A1DA000640C1 /* BaseLayer.m */ = {isa = PBXFileReference; fileEncoding = 4; lastKnownFileType = sourcecode.c.objc; path = BaseLayer.m; sourceTree = "<group>"; };
		5FF087C41661D55A00A3B0EE /* QuartzCore.framework */ = {isa = PBXFileReference; lastKnownFileType = wrapper.framework; name = QuartzCore.framework; path = System/Library/Frameworks/QuartzCore.framework; sourceTree = SDKROOT; };
		5FF17F9D1677124000E35409 /* StaffLayer.h */ = {isa = PBXFileReference; fileEncoding = 4; lastKnownFileType = sourcecode.c.h; path = StaffLayer.h; sourceTree = "<group>"; };
		5FF17F9E1677124000E35409 /* StaffLayer.m */ = {isa = PBXFileReference; fileEncoding = 4; lastKnownFileType = sourcecode.c.objc; path = StaffLayer.m; sourceTree = "<group>"; };
		5FF17FA01677240800E35409 /* NoteLayer.h */ = {isa = PBXFileReference; fileEncoding = 4; lastKnownFileType = sourcecode.c.h; path = NoteLayer.h; sourceTree = "<group>"; };
		5FF17FA11677240800E35409 /* NoteLayer.m */ = {isa = PBXFileReference; fileEncoding = 4; lastKnownFileType = sourcecode.c.objc; path = NoteLayer.m; sourceTree = "<group>"; };
/* End PBXFileReference section */

/* Begin PBXFrameworksBuildPhase section */
		5F2F3157158AEF6600689F4D /* Frameworks */ = {
			isa = PBXFrameworksBuildPhase;
			buildActionMask = 2147483647;
			files = (
				5FC92E6D1667D6E3004D0579 /* AVFoundation.framework in Frameworks */,
				5FC92E6A1667D6B2004D0579 /* AudioToolbox.framework in Frameworks */,
				5FC92E6B1667D6B2004D0579 /* CoreAudio.framework in Frameworks */,
				5FF087C51661D55A00A3B0EE /* QuartzCore.framework in Frameworks */,
				5F2F315F158AEF6600689F4D /* UIKit.framework in Frameworks */,
				5F2F3161158AEF6600689F4D /* Foundation.framework in Frameworks */,
				5F2F3163158AEF6600689F4D /* CoreGraphics.framework in Frameworks */,
			);
			runOnlyForDeploymentPostprocessing = 0;
		};
/* End PBXFrameworksBuildPhase section */

/* Begin PBXGroup section */
		5F2F314F158AEF6600689F4D = {
			isa = PBXGroup;
			children = (
				5F2F3164158AEF6600689F4D /* scales */,
				5F2F315D158AEF6600689F4D /* Frameworks */,
				5F2F315B158AEF6600689F4D /* Products */,
			);
			sourceTree = "<group>";
		};
		5F2F315B158AEF6600689F4D /* Products */ = {
			isa = PBXGroup;
			children = (
				5F2F315A158AEF6600689F4D /* scales.app */,
			);
			name = Products;
			sourceTree = "<group>";
		};
		5F2F315D158AEF6600689F4D /* Frameworks */ = {
			isa = PBXGroup;
			children = (
				5FC92E6C1667D6E3004D0579 /* AVFoundation.framework */,
				5FC92E681667D6B2004D0579 /* AudioToolbox.framework */,
				5FC92E691667D6B2004D0579 /* CoreAudio.framework */,
				5FF087C41661D55A00A3B0EE /* QuartzCore.framework */,
				5F2F315E158AEF6600689F4D /* UIKit.framework */,
				5F2F3160158AEF6600689F4D /* Foundation.framework */,
				5F2F3162158AEF6600689F4D /* CoreGraphics.framework */,
			);
			name = Frameworks;
			sourceTree = "<group>";
		};
		5F2F3164158AEF6600689F4D /* scales */ = {
			isa = PBXGroup;
			children = (
				5FBC6BCC1666830600EF1023 /* Resources */,
				5F2F3170158AEF6700689F4D /* MainStoryboard.storyboard */,
				5F26E0C21592CD93001A3014 /* SetupViewController.h */,
				5F26E0C31592CD93001A3014 /* SetupViewController.m */,
				5F2F3173158AEF6700689F4D /* PlayViewController.h */,
				5F2F3174158AEF6700689F4D /* PlayViewController.m */,
				5FC92E651667D516004D0579 /* NotePlayer.h */,
				5FC92E661667D516004D0579 /* NotePlayer.m */,
				5FC0D8D4158EC520007A8263 /* Note.h */,
				5FC0D8D5158EC520007A8263 /* Note.m */,
				5FC0D8CC158E36F0007A8263 /* Lesson.h */,
				5FC0D8CD158E36F0007A8263 /* Lesson.m */,
				5F2F3165158AEF6600689F4D /* Supporting Files */,
				5FDD65DC1679A1DA000640C1 /* BaseLayer.h */,
				5FDD65DD1679A1DA000640C1 /* BaseLayer.m */,
				5FF17F9D1677124000E35409 /* StaffLayer.h */,
				5FF17F9E1677124000E35409 /* StaffLayer.m */,
				5FF17FA01677240800E35409 /* NoteLayer.h */,
				5FF17FA11677240800E35409 /* NoteLayer.m */,
			);
			path = scales;
			sourceTree = "<group>";
		};
		5F2F3165158AEF6600689F4D /* Supporting Files */ = {
			isa = PBXGroup;
			children = (
				5F2F316D158AEF6700689F4D /* AppDelegate.h */,
				5F2F316E158AEF6700689F4D /* AppDelegate.m */,
				5F2F3166158AEF6600689F4D /* scales-Info.plist */,
				5F2F3167158AEF6600689F4D /* InfoPlist.strings */,
				5F2F316A158AEF6600689F4D /* main.m */,
				5F2F316C158AEF6700689F4D /* scales-Prefix.pch */,
			);
			name = "Supporting Files";
			sourceTree = "<group>";
		};
		5FBC6BCC1666830600EF1023 /* Resources */ = {
			isa = PBXGroup;
			children = (
				5F3BBE2B165238AE00124919 /* Default-568h@2x.png */,
				5FC92E4916668517004D0579 /* KeyBlack-Default.png */,
				5FC92E4A16668517004D0579 /* KeyBlack-Default@2x.png */,
				5FC92E4B16668517004D0579 /* KeyBlack-Selected.png */,
				5FC92E4C16668517004D0579 /* KeyBlack-Selected@2x.png */,
				5FC92E5916668803004D0579 /* KeyBlack-Highlighted.png */,
				5FC92E5A16668803004D0579 /* KeyBlack-Highlighted@2x.png */,
				5FC92E4D16668517004D0579 /* KeyWhite-Default.png */,
				5FC92E4E16668517004D0579 /* KeyWhite-Default@2x.png */,
				5FC92E4F16668517004D0579 /* KeyWhite-Selected.png */,
				5FC92E5016668517004D0579 /* KeyWhite-Selected@2x.png */,
				5FC92E5D16668C6B004D0579 /* KeyWhite-Highlighted.png */,
				5FC92E5E16668C6B004D0579 /* KeyWhite-Highlighted@2x.png */,
				5FBC6BCD1666830600EF1023 /* FClef.png */,
				5FBC6BCE1666830600EF1023 /* FClef.svg */,
				5FBC6BCF1666830600EF1023 /* GClef.png */,
				5FBC6BD01666830600EF1023 /* GClef.svg */,
			);
			path = Resources;
			sourceTree = "<group>";
		};
/* End PBXGroup section */

/* Begin PBXNativeTarget section */
		5F2F3159158AEF6600689F4D /* scales */ = {
			isa = PBXNativeTarget;
			buildConfigurationList = 5F2F3178158AEF6700689F4D /* Build configuration list for PBXNativeTarget "scales" */;
			buildPhases = (
				5F2F3156158AEF6600689F4D /* Sources */,
				5F2F3157158AEF6600689F4D /* Frameworks */,
				5F2F3158158AEF6600689F4D /* Resources */,
			);
			buildRules = (
			);
			dependencies = (
			);
			name = scales;
			productName = scales;
			productReference = 5F2F315A158AEF6600689F4D /* scales.app */;
			productType = "com.apple.product-type.application";
		};
/* End PBXNativeTarget section */

/* Begin PBXProject section */
		5F2F3151158AEF6600689F4D /* Project object */ = {
			isa = PBXProject;
			attributes = {
				LastUpgradeCheck = 0430;
			};
			buildConfigurationList = 5F2F3154158AEF6600689F4D /* Build configuration list for PBXProject "scales" */;
			compatibilityVersion = "Xcode 3.2";
			developmentRegion = English;
			hasScannedForEncodings = 0;
			knownRegions = (
				en,
			);
			mainGroup = 5F2F314F158AEF6600689F4D;
			productRefGroup = 5F2F315B158AEF6600689F4D /* Products */;
			projectDirPath = "";
			projectRoot = "";
			targets = (
				5F2F3159158AEF6600689F4D /* scales */,
			);
		};
/* End PBXProject section */

/* Begin PBXResourcesBuildPhase section */
		5F2F3158158AEF6600689F4D /* Resources */ = {
			isa = PBXResourcesBuildPhase;
			buildActionMask = 2147483647;
			files = (
				5F2F3169158AEF6600689F4D /* InfoPlist.strings in Resources */,
				5F2F3172158AEF6700689F4D /* MainStoryboard.storyboard in Resources */,
				5F3BBE2C165238AE00124919 /* Default-568h@2x.png in Resources */,
				5FBC6BD91666830600EF1023 /* FClef.png in Resources */,
				5FBC6BDA1666830600EF1023 /* FClef.svg in Resources */,
				5FBC6BDB1666830600EF1023 /* GClef.png in Resources */,
				5FBC6BDC1666830600EF1023 /* GClef.svg in Resources */,
				5FC92E5116668517004D0579 /* KeyBlack-Default.png in Resources */,
				5FC92E5216668517004D0579 /* KeyBlack-Default@2x.png in Resources */,
				5FC92E5316668517004D0579 /* KeyBlack-Selected.png in Resources */,
				5FC92E5416668517004D0579 /* KeyBlack-Selected@2x.png in Resources */,
				5FC92E5516668517004D0579 /* KeyWhite-Default.png in Resources */,
				5FC92E5616668517004D0579 /* KeyWhite-Default@2x.png in Resources */,
				5FC92E5716668517004D0579 /* KeyWhite-Selected.png in Resources */,
				5FC92E5816668517004D0579 /* KeyWhite-Selected@2x.png in Resources */,
				5FC92E5B16668803004D0579 /* KeyBlack-Highlighted.png in Resources */,
				5FC92E5C16668803004D0579 /* KeyBlack-Highlighted@2x.png in Resources */,
				5FC92E5F16668C6B004D0579 /* KeyWhite-Highlighted.png in Resources */,
				5FC92E6016668C6B004D0579 /* KeyWhite-Highlighted@2x.png in Resources */,
			);
			runOnlyForDeploymentPostprocessing = 0;
		};
/* End PBXResourcesBuildPhase section */

/* Begin PBXSourcesBuildPhase section */
		5F2F3156158AEF6600689F4D /* Sources */ = {
			isa = PBXSourcesBuildPhase;
			buildActionMask = 2147483647;
			files = (
				5F2F316B158AEF6700689F4D /* main.m in Sources */,
				5F2F316F158AEF6700689F4D /* AppDelegate.m in Sources */,
				5F2F3175158AEF6700689F4D /* PlayViewController.m in Sources */,
				5FC0D8CE158E36F0007A8263 /* Lesson.m in Sources */,
				5FC0D8D6158EC520007A8263 /* Note.m in Sources */,
				5F26E0C41592CD93001A3014 /* SetupViewController.m in Sources */,
				5FC92E671667D516004D0579 /* NotePlayer.m in Sources */,
				5FF17F9F1677124000E35409 /* StaffLayer.m in Sources */,
				5FF17FA21677240800E35409 /* NoteLayer.m in Sources */,
				5FDD65DE1679A1DA000640C1 /* BaseLayer.m in Sources */,
			);
			runOnlyForDeploymentPostprocessing = 0;
		};
/* End PBXSourcesBuildPhase section */

/* Begin PBXVariantGroup section */
		5F2F3167158AEF6600689F4D /* InfoPlist.strings */ = {
			isa = PBXVariantGroup;
			children = (
				5F2F3168158AEF6600689F4D /* en */,
			);
			name = InfoPlist.strings;
			sourceTree = "<group>";
		};
		5F2F3170158AEF6700689F4D /* MainStoryboard.storyboard */ = {
			isa = PBXVariantGroup;
			children = (
				5F2F3171158AEF6700689F4D /* en */,
			);
			name = MainStoryboard.storyboard;
			sourceTree = "<group>";
		};
/* End PBXVariantGroup section */

/* Begin XCBuildConfiguration section */
		5F2F3176158AEF6700689F4D /* Debug */ = {
			isa = XCBuildConfiguration;
			buildSettings = {
				ALWAYS_SEARCH_USER_PATHS = NO;
				ARCHS = "$(ARCHS_STANDARD_32_BIT)";
				CLANG_ENABLE_OBJC_ARC = YES;
				CODE_SIGN_IDENTITY = "iPhone Developer";
				"CODE_SIGN_IDENTITY[sdk=iphoneos*]" = "iPhone Developer";
				COPY_PHASE_STRIP = NO;
				GCC_C_LANGUAGE_STANDARD = gnu99;
				GCC_DYNAMIC_NO_PIC = NO;
				GCC_OPTIMIZATION_LEVEL = 0;
				GCC_PREPROCESSOR_DEFINITIONS = (
					"DEBUG=1",
					"$(inherited)",
				);
				GCC_SYMBOLS_PRIVATE_EXTERN = NO;
				GCC_VERSION = com.apple.compilers.llvm.clang.1_0;
				GCC_WARN_ABOUT_RETURN_TYPE = YES;
				GCC_WARN_UNINITIALIZED_AUTOS = YES;
				GCC_WARN_UNUSED_VARIABLE = YES;
				IPHONEOS_DEPLOYMENT_TARGET = 5.1;
				PROVISIONING_PROFILE = "";
				"PROVISIONING_PROFILE[sdk=iphoneos*]" = "";
				SDKROOT = iphoneos;
			};
			name = Debug;
		};
		5F2F3177158AEF6700689F4D /* Release */ = {
			isa = XCBuildConfiguration;
			buildSettings = {
				ALWAYS_SEARCH_USER_PATHS = NO;
				ARCHS = "$(ARCHS_STANDARD_32_BIT)";
				CLANG_ENABLE_OBJC_ARC = YES;
				CODE_SIGN_IDENTITY = "iPhone Developer";
				"CODE_SIGN_IDENTITY[sdk=iphoneos*]" = "iPhone Developer";
				COPY_PHASE_STRIP = YES;
				GCC_C_LANGUAGE_STANDARD = gnu99;
				GCC_VERSION = com.apple.compilers.llvm.clang.1_0;
				GCC_WARN_ABOUT_RETURN_TYPE = YES;
				GCC_WARN_UNINITIALIZED_AUTOS = YES;
				GCC_WARN_UNUSED_VARIABLE = YES;
				IPHONEOS_DEPLOYMENT_TARGET = 5.1;
				OTHER_CFLAGS = "-DNS_BLOCK_ASSERTIONS=1";
				PROVISIONING_PROFILE = "";
				"PROVISIONING_PROFILE[sdk=iphoneos*]" = "";
				SDKROOT = iphoneos;
				VALIDATE_PRODUCT = YES;
			};
			name = Release;
		};
		5F2F3179158AEF6700689F4D /* Debug */ = {
			isa = XCBuildConfiguration;
			buildSettings = {
				CODE_SIGN_IDENTITY = "iPhone Distribution";
				"CODE_SIGN_IDENTITY[sdk=iphoneos*]" = "iPhone Distribution";
				GCC_PRECOMPILE_PREFIX_HEADER = YES;
				GCC_PREFIX_HEADER = "scales/scales-Prefix.pch";
				INFOPLIST_FILE = "scales/scales-Info.plist";
				IPHONEOS_DEPLOYMENT_TARGET = 5.1;
				PRODUCT_NAME = "$(TARGET_NAME)";
				PROVISIONING_PROFILE = "";
				"PROVISIONING_PROFILE[sdk=iphoneos*]" = "";
				SYMROOT = build;
				WRAPPER_EXTENSION = app;
			};
			name = Debug;
		};
		5F2F317A158AEF6700689F4D /* Release */ = {
			isa = XCBuildConfiguration;
			buildSettings = {
				CODE_SIGN_IDENTITY = "iPhone Distribution";
				"CODE_SIGN_IDENTITY[sdk=iphoneos*]" = "iPhone Distribution";
				GCC_PRECOMPILE_PREFIX_HEADER = YES;
				GCC_PREFIX_HEADER = "scales/scales-Prefix.pch";
				INFOPLIST_FILE = "scales/scales-Info.plist";
				IPHONEOS_DEPLOYMENT_TARGET = 5.1;
				PRODUCT_NAME = "$(TARGET_NAME)";
				PROVISIONING_PROFILE = "";
				"PROVISIONING_PROFILE[sdk=iphoneos*]" = "";
				SYMROOT = build;
				WRAPPER_EXTENSION = app;
			};
			name = Release;
		};
/* End XCBuildConfiguration section */

/* Begin XCConfigurationList section */
		5F2F3154158AEF6600689F4D /* Build configuration list for PBXProject "scales" */ = {
			isa = XCConfigurationList;
			buildConfigurations = (
				5F2F3176158AEF6700689F4D /* Debug */,
				5F2F3177158AEF6700689F4D /* Release */,
			);
			defaultConfigurationIsVisible = 0;
			defaultConfigurationName = Release;
		};
		5F2F3178158AEF6700689F4D /* Build configuration list for PBXNativeTarget "scales" */ = {
			isa = XCConfigurationList;
			buildConfigurations = (
				5F2F3179158AEF6700689F4D /* Debug */,
				5F2F317A158AEF6700689F4D /* Release */,
			);
			defaultConfigurationIsVisible = 0;
			defaultConfigurationName = Release;
		};
/* End XCConfigurationList section */
	};
	rootObject = 5F2F3151158AEF6600689F4D /* Project object */;
}
